
Microsoft Visual Studio Solution File, Format Version 12.00
# Visual Studio Version 16
VisualStudioVersion = 16.0.30204.135
MinimumVisualStudioVersion = 10.0.40219.1
Project("{FAE04EC0-301F-11D3-BF4B-00C04F79EFBC}") = "ArduinoDashboardInterpreter", "ArduinoDashboardInterpreter\ArduinoDashboardInterpreter.csproj", "{B5562EFD-166B-4595-A23B-481EA97428D0}"
EndProject
Global
	GlobalSection(SolutionConfigurationPlatforms) = preSolution
		Debug|Any CPU = Debug|Any CPU
		Release|Any CPU = Release|Any CPU
	EndGlobalSection
	GlobalSection(ProjectConfigurationPlatforms) = postSolution
		{B5562EFD-166B-4595-A23B-481EA97428D0}.Debug|Any CPU.ActiveCfg = Debug|Any CPU
		{B5562EFD-166B-4595-A23B-481EA97428D0}.Debug|Any CPU.Build.0 = Debug|Any CPU
		{B5562EFD-166B-4595-A23B-481EA97428D0}.Release|Any CPU.ActiveCfg = Release|Any CPU
		{B5562EFD-166B-4595-A23B-481EA97428D0}.Release|Any CPU.Build.0 = Release|Any CPU
	EndGlobalSection
	GlobalSection(SolutionProperties) = preSolution
		HideSolutionNode = FALSE
	EndGlobalSection
	GlobalSection(ExtensibilityGlobals) = postSolution
		SolutionGuid = {B4E0B074-EB41-47B7-81B2-B1E35E4D4359}
	EndGlobalSection
EndGlobal
